
Microsoft Visual Studio Solution File, Format Version 12.00
Project("{FAE04EC0-301F-11D3-BF4B-00C04F79EFBC}") = "Kolokwium1", "Kolokwium1.csproj", "{F7903D53-470E-43EA-93A3-B3950FD91F85}"
EndProject
Global
	GlobalSection(SolutionConfigurationPlatforms) = preSolution
		Debug|Any CPU = Debug|Any CPU
		Release|Any CPU = Release|Any CPU
	EndGlobalSection
	GlobalSection(ProjectConfigurationPlatforms) = postSolution
		{F7903D53-470E-43EA-93A3-B3950FD91F85}.Debug|Any CPU.ActiveCfg = Debug|Any CPU
		{F7903D53-470E-43EA-93A3-B3950FD91F85}.Debug|Any CPU.Build.0 = Debug|Any CPU
		{F7903D53-470E-43EA-93A3-B3950FD91F85}.Release|Any CPU.ActiveCfg = Release|Any CPU
		{F7903D53-470E-43EA-93A3-B3950FD91F85}.Release|Any CPU.Build.0 = Release|Any CPU
	EndGlobalSection
EndGlobal
